
Microsoft Visual Studio Solution File, Format Version 12.00
# Visual Studio 15
VisualStudioVersion = 15.0.27428.2002
MinimumVisualStudioVersion = 10.0.40219.1
Project("{9A19103F-16F7-4668-BE54-9A1E7A4F7556}") = "Web", "FullStackDeveloper\Web.csproj", "{8CAC0B36-7E08-4FAF-962D-D1C439E64369}"
EndProject
Project("{9A19103F-16F7-4668-BE54-9A1E7A4F7556}") = "Data", "Data\Data.csproj", "{B4867BF9-4E8A-4554-9272-A58C0A268BC7}"
EndProject
Project("{9A19103F-16F7-4668-BE54-9A1E7A4F7556}") = "WebApi", "WebApi\WebApi.csproj", "{02F9D73F-B271-4E6D-A689-2B2CC185B838}"
EndProject
Project("{2150E333-8FDC-42A3-9474-1A3956D46DE8}") = "AuthenticationAuthorizationResearch", "AuthenticationAuthorizationResearch", "{A7004E47-F515-46F0-93FD-8CE51670E194}"
EndProject
Project("{FAE04EC0-301F-11D3-BF4B-00C04F79EFBC}") = "ClassicNetWebApi", "ClassicNetWebApi\ClassicNetWebApi.csproj", "{4AAECCF4-7DF9-4E71-A1AD-16A0867539B8}"
EndProject
Project("{9A19103F-16F7-4668-BE54-9A1E7A4F7556}") = "NetCoreAPIAuthenticationMiddleWare", "NetCoreAPIAuthenticationMiddleWare\NetCoreAPIAuthenticationMiddleWare.csproj", "{CDFE8CDC-77AA-4842-908B-7BC5124A30C8}"
EndProject
Project("{9A19103F-16F7-4668-BE54-9A1E7A4F7556}") = "NetCoreAPIAuthorizationFilter", "NetCoreAPIAuthorizationFilter\NetCoreAPIAuthorizationFilter.csproj", "{FA0BC8D0-0C1E-407A-A6DD-C3281232F958}"
EndProject
Project("{9A19103F-16F7-4668-BE54-9A1E7A4F7556}") = "NetCoreAPIJwtAuthentication", "NetCoreAPIJwtAuthentication\NetCoreAPIJwtAuthentication.csproj", "{B8CA26A6-F6C3-420C-9AFB-CF8956115720}"
EndProject
Global
	GlobalSection(SolutionConfigurationPlatforms) = preSolution
		Debug|Any CPU = Debug|Any CPU
		Release|Any CPU = Release|Any CPU
	EndGlobalSection
	GlobalSection(ProjectConfigurationPlatforms) = postSolution
		{8CAC0B36-7E08-4FAF-962D-D1C439E64369}.Debug|Any CPU.ActiveCfg = Debug|Any CPU
		{8CAC0B36-7E08-4FAF-962D-D1C439E64369}.Debug|Any CPU.Build.0 = Debug|Any CPU
		{8CAC0B36-7E08-4FAF-962D-D1C439E64369}.Release|Any CPU.ActiveCfg = Release|Any CPU
		{8CAC0B36-7E08-4FAF-962D-D1C439E64369}.Release|Any CPU.Build.0 = Release|Any CPU
		{B4867BF9-4E8A-4554-9272-A58C0A268BC7}.Debug|Any CPU.ActiveCfg = Debug|Any CPU
		{B4867BF9-4E8A-4554-9272-A58C0A268BC7}.Debug|Any CPU.Build.0 = Debug|Any CPU
		{B4867BF9-4E8A-4554-9272-A58C0A268BC7}.Release|Any CPU.ActiveCfg = Release|Any CPU
		{B4867BF9-4E8A-4554-9272-A58C0A268BC7}.Release|Any CPU.Build.0 = Release|Any CPU
		{02F9D73F-B271-4E6D-A689-2B2CC185B838}.Debug|Any CPU.ActiveCfg = Debug|Any CPU
		{02F9D73F-B271-4E6D-A689-2B2CC185B838}.Debug|Any CPU.Build.0 = Debug|Any CPU
		{02F9D73F-B271-4E6D-A689-2B2CC185B838}.Release|Any CPU.ActiveCfg = Release|Any CPU
		{02F9D73F-B271-4E6D-A689-2B2CC185B838}.Release|Any CPU.Build.0 = Release|Any CPU
		{4AAECCF4-7DF9-4E71-A1AD-16A0867539B8}.Debug|Any CPU.ActiveCfg = Debug|Any CPU
		{4AAECCF4-7DF9-4E71-A1AD-16A0867539B8}.Debug|Any CPU.Build.0 = Debug|Any CPU
		{4AAECCF4-7DF9-4E71-A1AD-16A0867539B8}.Release|Any CPU.ActiveCfg = Release|Any CPU
		{4AAECCF4-7DF9-4E71-A1AD-16A0867539B8}.Release|Any CPU.Build.0 = Release|Any CPU
		{CDFE8CDC-77AA-4842-908B-7BC5124A30C8}.Debug|Any CPU.ActiveCfg = Debug|Any CPU
		{CDFE8CDC-77AA-4842-908B-7BC5124A30C8}.Debug|Any CPU.Build.0 = Debug|Any CPU
		{CDFE8CDC-77AA-4842-908B-7BC5124A30C8}.Release|Any CPU.ActiveCfg = Release|Any CPU
		{CDFE8CDC-77AA-4842-908B-7BC5124A30C8}.Release|Any CPU.Build.0 = Release|Any CPU
		{FA0BC8D0-0C1E-407A-A6DD-C3281232F958}.Debug|Any CPU.ActiveCfg = Debug|Any CPU
		{FA0BC8D0-0C1E-407A-A6DD-C3281232F958}.Debug|Any CPU.Build.0 = Debug|Any CPU
		{FA0BC8D0-0C1E-407A-A6DD-C3281232F958}.Release|Any CPU.ActiveCfg = Release|Any CPU
		{FA0BC8D0-0C1E-407A-A6DD-C3281232F958}.Release|Any CPU.Build.0 = Release|Any CPU
		{B8CA26A6-F6C3-420C-9AFB-CF8956115720}.Debug|Any CPU.ActiveCfg = Debug|Any CPU
		{B8CA26A6-F6C3-420C-9AFB-CF8956115720}.Debug|Any CPU.Build.0 = Debug|Any CPU
		{B8CA26A6-F6C3-420C-9AFB-CF8956115720}.Release|Any CPU.ActiveCfg = Release|Any CPU
		{B8CA26A6-F6C3-420C-9AFB-CF8956115720}.Release|Any CPU.Build.0 = Release|Any CPU
	EndGlobalSection
	GlobalSection(SolutionProperties) = preSolution
		HideSolutionNode = FALSE
	EndGlobalSection
	GlobalSection(NestedProjects) = preSolution
		{4AAECCF4-7DF9-4E71-A1AD-16A0867539B8} = {A7004E47-F515-46F0-93FD-8CE51670E194}
		{CDFE8CDC-77AA-4842-908B-7BC5124A30C8} = {A7004E47-F515-46F0-93FD-8CE51670E194}
		{FA0BC8D0-0C1E-407A-A6DD-C3281232F958} = {A7004E47-F515-46F0-93FD-8CE51670E194}
		{B8CA26A6-F6C3-420C-9AFB-CF8956115720} = {A7004E47-F515-46F0-93FD-8CE51670E194}
	EndGlobalSection
	GlobalSection(ExtensibilityGlobals) = postSolution
		SolutionGuid = {1CFD60BC-9368-4CE0-A680-9FC25EBA89A2}
	EndGlobalSection
EndGlobal
